
Microsoft Visual Studio Solution File, Format Version 12.00
# Visual Studio Version 16
VisualStudioVersion = 16.0.32630.194
MinimumVisualStudioVersion = 10.0.40219.1
Project("{FAE04EC0-301F-11D3-BF4B-00C04F79EFBC}") = "dkshopDb", "dkshopDb\dkshopDb.csproj", "{702583CB-CD7D-41CE-AAE0-E217C79F93A6}"
EndProject
Global
	GlobalSection(SolutionConfigurationPlatforms) = preSolution
		Debug|Any CPU = Debug|Any CPU
		Release|Any CPU = Release|Any CPU
	EndGlobalSection
	GlobalSection(ProjectConfigurationPlatforms) = postSolution
		{702583CB-CD7D-41CE-AAE0-E217C79F93A6}.Debug|Any CPU.ActiveCfg = Debug|Any CPU
		{702583CB-CD7D-41CE-AAE0-E217C79F93A6}.Debug|Any CPU.Build.0 = Debug|Any CPU
		{702583CB-CD7D-41CE-AAE0-E217C79F93A6}.Release|Any CPU.ActiveCfg = Release|Any CPU
		{702583CB-CD7D-41CE-AAE0-E217C79F93A6}.Release|Any CPU.Build.0 = Release|Any CPU
	EndGlobalSection
	GlobalSection(SolutionProperties) = preSolution
		HideSolutionNode = FALSE
	EndGlobalSection
	GlobalSection(ExtensibilityGlobals) = postSolution
		SolutionGuid = {657EE654-7458-4298-BB3B-8C00B7379EE8}
	EndGlobalSection
EndGlobal
